// !$*UTF8*$!
{
	archiveVersion = 1;
	classes = {
	};
	objectVersion = 50;
	objects = {

/* Begin PBXBuildFile section */
		03B9FEF4210C3B5100A8FF45 /* JoinAlertViewController.swift in Sources */ = {isa = PBXBuildFile; fileRef = 03B9FEF3210C3B5100A8FF45 /* JoinAlertViewController.swift */; };
		03B9FEF6210C3D1E00A8FF45 /* AlertStoryboard.storyboard in Resources */ = {isa = PBXBuildFile; fileRef = 03B9FEF5210C3D1E00A8FF45 /* AlertStoryboard.storyboard */; };
		90FF96A495B5306422E4FC1C /* Pods_MORO.framework in Frameworks */ = {isa = PBXBuildFile; fileRef = B4BAE15A9384494F278C68D3 /* Pods_MORO.framework */; };
		CB01BC8D210CC8DE009C3337 /* AlarmOffAlertViewController.swift in Sources */ = {isa = PBXBuildFile; fileRef = CB01BC8C210CC8DE009C3337 /* AlarmOffAlertViewController.swift */; };
		CB01BC8F210CCDB1009C3337 /* LaunchRochetAlertViewController.swift in Sources */ = {isa = PBXBuildFile; fileRef = CB01BC8E210CCDB1009C3337 /* LaunchRochetAlertViewController.swift */; };
		CB1B070A210C3C1A00378CAB /* RootPageViewController.swift in Sources */ = {isa = PBXBuildFile; fileRef = CB1B0709210C3C1A00378CAB /* RootPageViewController.swift */; };
		CB1B070C210C3C5A00378CAB /* MainViewController.swift in Sources */ = {isa = PBXBuildFile; fileRef = CB1B070B210C3C5A00378CAB /* MainViewController.swift */; };
		CB1B070E210C3C7D00378CAB /* RoomListViewController.swift in Sources */ = {isa = PBXBuildFile; fileRef = CB1B070D210C3C7D00378CAB /* RoomListViewController.swift */; };
		CB1B0714210C4E9C00378CAB /* NanumSquareRoundB.ttf in Resources */ = {isa = PBXBuildFile; fileRef = CB1B0712210C4CEA00378CAB /* NanumSquareRoundB.ttf */; };
		CB1B0715210C4E9C00378CAB /* NanumSquareRoundEB.ttf in Resources */ = {isa = PBXBuildFile; fileRef = CB1B0711210C4CEA00378CAB /* NanumSquareRoundEB.ttf */; };
		CB1B0716210C4E9C00378CAB /* NanumSquareRoundL.ttf in Resources */ = {isa = PBXBuildFile; fileRef = CB1B0713210C4CEB00378CAB /* NanumSquareRoundL.ttf */; };
		CB1B0717210C4E9C00378CAB /* NanumSquareRoundR.ttf in Resources */ = {isa = PBXBuildFile; fileRef = CB1B0710210C4CEA00378CAB /* NanumSquareRoundR.ttf */; };
		CB1B071B210C77C800378CAB /* CreateRoomViewController.swift in Sources */ = {isa = PBXBuildFile; fileRef = CB1B071A210C77C800378CAB /* CreateRoomViewController.swift */; };
		CB318A82210C2C7A00A704B5 /* AppDelegate.swift in Sources */ = {isa = PBXBuildFile; fileRef = CB318A81210C2C7A00A704B5 /* AppDelegate.swift */; };
		CB318A87210C2C7A00A704B5 /* Main.storyboard in Resources */ = {isa = PBXBuildFile; fileRef = CB318A85210C2C7A00A704B5 /* Main.storyboard */; };
		CB318A89210C2C7D00A704B5 /* Assets.xcassets in Resources */ = {isa = PBXBuildFile; fileRef = CB318A88210C2C7D00A704B5 /* Assets.xcassets */; };
		CB318A8C210C2C7D00A704B5 /* LaunchScreen.storyboard in Resources */ = {isa = PBXBuildFile; fileRef = CB318A8A210C2C7D00A704B5 /* LaunchScreen.storyboard */; };
		CB9E630C210C82E800A6C117 /* BorderTextField.swift in Sources */ = {isa = PBXBuildFile; fileRef = CB9E630B210C82E800A6C117 /* BorderTextField.swift */; };
		EF458547210C5EC000BBB03B /* TimeHeaderTableViewCell.swift in Sources */ = {isa = PBXBuildFile; fileRef = EF458546210C5EC000BBB03B /* TimeHeaderTableViewCell.swift */; };
		EF458549210C689C00BBB03B /* TimeMainListTableViewCell.swift in Sources */ = {isa = PBXBuildFile; fileRef = EF458548210C689C00BBB03B /* TimeMainListTableViewCell.swift */; };
		EF45854B210C6ED000BBB03B /* BlueberryImageView.swift in Sources */ = {isa = PBXBuildFile; fileRef = EF45854A210C6ED000BBB03B /* BlueberryImageView.swift */; };
		EF45854D210C6EDC00BBB03B /* BlueBerryLabelView.swift in Sources */ = {isa = PBXBuildFile; fileRef = EF45854C210C6EDC00BBB03B /* BlueBerryLabelView.swift */; };
		EF45854F210C9FF200BBB03B /* WhiteImageView.swift in Sources */ = {isa = PBXBuildFile; fileRef = EF45854E210C9FF200BBB03B /* WhiteImageView.swift */; };
		EF458551210C9FFA00BBB03B /* WhiteLabelView.swift in Sources */ = {isa = PBXBuildFile; fileRef = EF458550210C9FFA00BBB03B /* WhiteLabelView.swift */; };
		EF458553210CBEBB00BBB03B /* CustomPageControl.swift in Sources */ = {isa = PBXBuildFile; fileRef = EF458552210CBEBB00BBB03B /* CustomPageControl.swift */; };
		EFD62908210CC314006C8403 /* Notification+Utility.swift in Sources */ = {isa = PBXBuildFile; fileRef = EFD62907210CC314006C8403 /* Notification+Utility.swift */; };
		EFD6290C210CCE73006C8403 /* rocketLottie.json in Resources */ = {isa = PBXBuildFile; fileRef = EFD6290B210CCE73006C8403 /* rocketLottie.json */; };
/* End PBXBuildFile section */

/* Begin PBXFileReference section */
		03B9FEF3210C3B5100A8FF45 /* JoinAlertViewController.swift */ = {isa = PBXFileReference; lastKnownFileType = sourcecode.swift; path = JoinAlertViewController.swift; sourceTree = "<group>"; };
		03B9FEF5210C3D1E00A8FF45 /* AlertStoryboard.storyboard */ = {isa = PBXFileReference; lastKnownFileType = file.storyboard; path = AlertStoryboard.storyboard; sourceTree = "<group>"; };
		25497EA4A0AD028A3C076940 /* Pods-MORO.debug.xcconfig */ = {isa = PBXFileReference; includeInIndex = 1; lastKnownFileType = text.xcconfig; name = "Pods-MORO.debug.xcconfig"; path = "Pods/Target Support Files/Pods-MORO/Pods-MORO.debug.xcconfig"; sourceTree = "<group>"; };
		730BDC100EE1D9BC698B99BD /* Pods-MORO.release.xcconfig */ = {isa = PBXFileReference; includeInIndex = 1; lastKnownFileType = text.xcconfig; name = "Pods-MORO.release.xcconfig"; path = "Pods/Target Support Files/Pods-MORO/Pods-MORO.release.xcconfig"; sourceTree = "<group>"; };
		B4BAE15A9384494F278C68D3 /* Pods_MORO.framework */ = {isa = PBXFileReference; explicitFileType = wrapper.framework; includeInIndex = 0; path = Pods_MORO.framework; sourceTree = BUILT_PRODUCTS_DIR; };
		CB01BC8C210CC8DE009C3337 /* AlarmOffAlertViewController.swift */ = {isa = PBXFileReference; lastKnownFileType = sourcecode.swift; path = AlarmOffAlertViewController.swift; sourceTree = "<group>"; };
		CB01BC8E210CCDB1009C3337 /* LaunchRochetAlertViewController.swift */ = {isa = PBXFileReference; lastKnownFileType = sourcecode.swift; path = LaunchRochetAlertViewController.swift; sourceTree = "<group>"; };
		CB1B0709210C3C1A00378CAB /* RootPageViewController.swift */ = {isa = PBXFileReference; lastKnownFileType = sourcecode.swift; path = RootPageViewController.swift; sourceTree = "<group>"; };
		CB1B070B210C3C5A00378CAB /* MainViewController.swift */ = {isa = PBXFileReference; lastKnownFileType = sourcecode.swift; path = MainViewController.swift; sourceTree = "<group>"; };
		CB1B070D210C3C7D00378CAB /* RoomListViewController.swift */ = {isa = PBXFileReference; lastKnownFileType = sourcecode.swift; path = RoomListViewController.swift; sourceTree = "<group>"; };
		CB1B0710210C4CEA00378CAB /* NanumSquareRoundR.ttf */ = {isa = PBXFileReference; lastKnownFileType = file; path = NanumSquareRoundR.ttf; sourceTree = "<group>"; };
		CB1B0711210C4CEA00378CAB /* NanumSquareRoundEB.ttf */ = {isa = PBXFileReference; lastKnownFileType = file; path = NanumSquareRoundEB.ttf; sourceTree = "<group>"; };
		CB1B0712210C4CEA00378CAB /* NanumSquareRoundB.ttf */ = {isa = PBXFileReference; lastKnownFileType = file; path = NanumSquareRoundB.ttf; sourceTree = "<group>"; };
		CB1B0713210C4CEB00378CAB /* NanumSquareRoundL.ttf */ = {isa = PBXFileReference; lastKnownFileType = file; path = NanumSquareRoundL.ttf; sourceTree = "<group>"; };
		CB1B071A210C77C800378CAB /* CreateRoomViewController.swift */ = {isa = PBXFileReference; lastKnownFileType = sourcecode.swift; path = CreateRoomViewController.swift; sourceTree = "<group>"; };
		CB318A7E210C2C7A00A704B5 /* MORO.app */ = {isa = PBXFileReference; explicitFileType = wrapper.application; includeInIndex = 0; path = MORO.app; sourceTree = BUILT_PRODUCTS_DIR; };
		CB318A81210C2C7A00A704B5 /* AppDelegate.swift */ = {isa = PBXFileReference; lastKnownFileType = sourcecode.swift; path = AppDelegate.swift; sourceTree = "<group>"; };
		CB318A86210C2C7A00A704B5 /* Base */ = {isa = PBXFileReference; lastKnownFileType = file.storyboard; name = Base; path = Base.lproj/Main.storyboard; sourceTree = "<group>"; };
		CB318A88210C2C7D00A704B5 /* Assets.xcassets */ = {isa = PBXFileReference; lastKnownFileType = folder.assetcatalog; path = Assets.xcassets; sourceTree = "<group>"; };
		CB318A8B210C2C7D00A704B5 /* Base */ = {isa = PBXFileReference; lastKnownFileType = file.storyboard; name = Base; path = Base.lproj/LaunchScreen.storyboard; sourceTree = "<group>"; };
		CB318A8D210C2C7D00A704B5 /* Info.plist */ = {isa = PBXFileReference; lastKnownFileType = text.plist.xml; path = Info.plist; sourceTree = "<group>"; };
		CB9E630B210C82E800A6C117 /* BorderTextField.swift */ = {isa = PBXFileReference; lastKnownFileType = sourcecode.swift; path = BorderTextField.swift; sourceTree = "<group>"; };
		EF458546210C5EC000BBB03B /* TimeHeaderTableViewCell.swift */ = {isa = PBXFileReference; lastKnownFileType = sourcecode.swift; path = TimeHeaderTableViewCell.swift; sourceTree = "<group>"; };
		EF458548210C689C00BBB03B /* TimeMainListTableViewCell.swift */ = {isa = PBXFileReference; lastKnownFileType = sourcecode.swift; path = TimeMainListTableViewCell.swift; sourceTree = "<group>"; };
		EF45854A210C6ED000BBB03B /* BlueberryImageView.swift */ = {isa = PBXFileReference; lastKnownFileType = sourcecode.swift; path = BlueberryImageView.swift; sourceTree = "<group>"; };
		EF45854C210C6EDC00BBB03B /* BlueBerryLabelView.swift */ = {isa = PBXFileReference; lastKnownFileType = sourcecode.swift; path = BlueBerryLabelView.swift; sourceTree = "<group>"; };
		EF45854E210C9FF200BBB03B /* WhiteImageView.swift */ = {isa = PBXFileReference; lastKnownFileType = sourcecode.swift; path = WhiteImageView.swift; sourceTree = "<group>"; };
		EF458550210C9FFA00BBB03B /* WhiteLabelView.swift */ = {isa = PBXFileReference; lastKnownFileType = sourcecode.swift; path = WhiteLabelView.swift; sourceTree = "<group>"; };
		EF458552210CBEBB00BBB03B /* CustomPageControl.swift */ = {isa = PBXFileReference; lastKnownFileType = sourcecode.swift; path = CustomPageControl.swift; sourceTree = "<group>"; };
		EFD62907210CC314006C8403 /* Notification+Utility.swift */ = {isa = PBXFileReference; lastKnownFileType = sourcecode.swift; path = "Notification+Utility.swift"; sourceTree = "<group>"; };
		EFD6290B210CCE73006C8403 /* rocketLottie.json */ = {isa = PBXFileReference; fileEncoding = 4; lastKnownFileType = text.json; path = rocketLottie.json; sourceTree = "<group>"; };
/* End PBXFileReference section */

/* Begin PBXFrameworksBuildPhase section */
		CB318A7B210C2C7A00A704B5 /* Frameworks */ = {
			isa = PBXFrameworksBuildPhase;
			buildActionMask = 2147483647;
			files = (
				90FF96A495B5306422E4FC1C /* Pods_MORO.framework in Frameworks */,
			);
			runOnlyForDeploymentPostprocessing = 0;
		};
/* End PBXFrameworksBuildPhase section */

/* Begin PBXGroup section */
		CB1B070F210C4CD200378CAB /* font */ = {
			isa = PBXGroup;
			children = (
				CB1B0712210C4CEA00378CAB /* NanumSquareRoundB.ttf */,
				CB1B0711210C4CEA00378CAB /* NanumSquareRoundEB.ttf */,
				CB1B0713210C4CEB00378CAB /* NanumSquareRoundL.ttf */,
				CB1B0710210C4CEA00378CAB /* NanumSquareRoundR.ttf */,
			);
			path = font;
			sourceTree = "<group>";
		};
		CB1D31DA210C8BB5005FBD54 /* supportingFiles */ = {
			isa = PBXGroup;
			children = (
				CB1B070F210C4CD200378CAB /* font */,
				EFD6290B210CCE73006C8403 /* rocketLottie.json */,
				CB318A88210C2C7D00A704B5 /* Assets.xcassets */,
				CB318A8A210C2C7D00A704B5 /* LaunchScreen.storyboard */,
				CB318A8D210C2C7D00A704B5 /* Info.plist */,
				CB318A81210C2C7A00A704B5 /* AppDelegate.swift */,
				EFD62907210CC314006C8403 /* Notification+Utility.swift */,
			);
			name = supportingFiles;
			sourceTree = "<group>";
		};
		CB311FA5210C8C1B00EE61ED /* Main */ = {
			isa = PBXGroup;
			children = (
				CB1B0709210C3C1A00378CAB /* RootPageViewController.swift */,
				CB1B070B210C3C5A00378CAB /* MainViewController.swift */,
				EFD62905210CC185006C8403 /* Views */,
			);
			name = Main;
			sourceTree = "<group>";
		};
		CB311FA6210C8C3200EE61ED /* List */ = {
			isa = PBXGroup;
			children = (
				CB1B070D210C3C7D00378CAB /* RoomListViewController.swift */,
				EFD62904210CC175006C8403 /* Views */,
			);
			name = List;
			sourceTree = "<group>";
		};
		CB311FA7210C8C5100EE61ED /* Alert */ = {
			isa = PBXGroup;
			children = (
				CB01BC8E210CCDB1009C3337 /* LaunchRochetAlertViewController.swift */,
				03B9FEF3210C3B5100A8FF45 /* JoinAlertViewController.swift */,
				CB01BC8C210CC8DE009C3337 /* AlarmOffAlertViewController.swift */,
				03B9FEF5210C3D1E00A8FF45 /* AlertStoryboard.storyboard */,
			);
			name = Alert;
			sourceTree = "<group>";
		};
		CB311FA9210C8C7700EE61ED /* CreateRoom */ = {
			isa = PBXGroup;
			children = (
				CB1B071A210C77C800378CAB /* CreateRoomViewController.swift */,
				EFD62906210CC18D006C8403 /* Views */,
			);
			name = CreateRoom;
			sourceTree = "<group>";
		};
		CB318A75210C2C7A00A704B5 = {
			isa = PBXGroup;
			children = (
				CB318A80210C2C7A00A704B5 /* MORO */,
				CB318A7F210C2C7A00A704B5 /* Products */,
				F7CC5B74E90E8ECCAAB1A32C /* Pods */,
				F8AFDFE1CD3944F8A43033D3 /* Frameworks */,
			);
			sourceTree = "<group>";
		};
		CB318A7F210C2C7A00A704B5 /* Products */ = {
			isa = PBXGroup;
			children = (
				CB318A7E210C2C7A00A704B5 /* MORO.app */,
			);
			name = Products;
			sourceTree = "<group>";
		};
		CB318A80210C2C7A00A704B5 /* MORO */ = {
			isa = PBXGroup;
			children = (
				CB311FA5210C8C1B00EE61ED /* Main */,
				CB311FA6210C8C3200EE61ED /* List */,
				CB311FA9210C8C7700EE61ED /* CreateRoom */,
				CB311FA7210C8C5100EE61ED /* Alert */,
				CB1D31DA210C8BB5005FBD54 /* supportingFiles */,
				CB318A85210C2C7A00A704B5 /* Main.storyboard */,
			);
			path = MORO;
			sourceTree = "<group>";
		};
		EFD62904210CC175006C8403 /* Views */ = {
			isa = PBXGroup;
			children = (
				EF458546210C5EC000BBB03B /* TimeHeaderTableViewCell.swift */,
				EF458548210C689C00BBB03B /* TimeMainListTableViewCell.swift */,
				EF45854A210C6ED000BBB03B /* BlueberryImageView.swift */,
				EF45854C210C6EDC00BBB03B /* BlueBerryLabelView.swift */,
			);
			name = Views;
			sourceTree = "<group>";
		};
		EFD62905210CC185006C8403 /* Views */ = {
			isa = PBXGroup;
			children = (
				EF45854E210C9FF200BBB03B /* WhiteImageView.swift */,
				EF458550210C9FFA00BBB03B /* WhiteLabelView.swift */,
				EF458552210CBEBB00BBB03B /* CustomPageControl.swift */,
			);
			name = Views;
			sourceTree = "<group>";
		};
		EFD62906210CC18D006C8403 /* Views */ = {
			isa = PBXGroup;
			children = (
				CB9E630B210C82E800A6C117 /* BorderTextField.swift */,
			);
			name = Views;
			sourceTree = "<group>";
		};
		F7CC5B74E90E8ECCAAB1A32C /* Pods */ = {
			isa = PBXGroup;
			children = (
				25497EA4A0AD028A3C076940 /* Pods-MORO.debug.xcconfig */,
				730BDC100EE1D9BC698B99BD /* Pods-MORO.release.xcconfig */,
			);
			name = Pods;
			sourceTree = "<group>";
		};
		F8AFDFE1CD3944F8A43033D3 /* Frameworks */ = {
			isa = PBXGroup;
			children = (
				B4BAE15A9384494F278C68D3 /* Pods_MORO.framework */,
			);
			name = Frameworks;
			sourceTree = "<group>";
		};
/* End PBXGroup section */

/* Begin PBXNativeTarget section */
		CB318A7D210C2C7A00A704B5 /* MORO */ = {
			isa = PBXNativeTarget;
			buildConfigurationList = CB318A90210C2C7D00A704B5 /* Build configuration list for PBXNativeTarget "MORO" */;
			buildPhases = (
				28478891CD31F7C85BF273DB /* [CP] Check Pods Manifest.lock */,
				CB318A7A210C2C7A00A704B5 /* Sources */,
				CB318A7B210C2C7A00A704B5 /* Frameworks */,
				CB318A7C210C2C7A00A704B5 /* Resources */,
				A12AEC3CC096821CB2B18FE6 /* [CP] Embed Pods Frameworks */,
			);
			buildRules = (
			);
			dependencies = (
			);
			name = MORO;
			productName = MORO;
			productReference = CB318A7E210C2C7A00A704B5 /* MORO.app */;
			productType = "com.apple.product-type.application";
		};
/* End PBXNativeTarget section */

/* Begin PBXProject section */
		CB318A76210C2C7A00A704B5 /* Project object */ = {
			isa = PBXProject;
			attributes = {
				LastSwiftUpdateCheck = 0940;
				LastUpgradeCheck = 0940;
				ORGANIZATIONNAME = "김재희";
				TargetAttributes = {
					CB318A7D210C2C7A00A704B5 = {
						CreatedOnToolsVersion = 9.4.1;
					};
				};
			};
			buildConfigurationList = CB318A79210C2C7A00A704B5 /* Build configuration list for PBXProject "MORO" */;
			compatibilityVersion = "Xcode 9.3";
			developmentRegion = en;
			hasScannedForEncodings = 0;
			knownRegions = (
				en,
				Base,
			);
			mainGroup = CB318A75210C2C7A00A704B5;
			productRefGroup = CB318A7F210C2C7A00A704B5 /* Products */;
			projectDirPath = "";
			projectRoot = "";
			targets = (
				CB318A7D210C2C7A00A704B5 /* MORO */,
			);
		};
/* End PBXProject section */

/* Begin PBXResourcesBuildPhase section */
		CB318A7C210C2C7A00A704B5 /* Resources */ = {
			isa = PBXResourcesBuildPhase;
			buildActionMask = 2147483647;
			files = (
				EFD6290C210CCE73006C8403 /* rocketLottie.json in Resources */,
				CB1B0714210C4E9C00378CAB /* NanumSquareRoundB.ttf in Resources */,
				CB1B0715210C4E9C00378CAB /* NanumSquareRoundEB.ttf in Resources */,
				CB1B0716210C4E9C00378CAB /* NanumSquareRoundL.ttf in Resources */,
				CB1B0717210C4E9C00378CAB /* NanumSquareRoundR.ttf in Resources */,
				CB318A8C210C2C7D00A704B5 /* LaunchScreen.storyboard in Resources */,
				CB318A89210C2C7D00A704B5 /* Assets.xcassets in Resources */,
				03B9FEF6210C3D1E00A8FF45 /* AlertStoryboard.storyboard in Resources */,
				CB318A87210C2C7A00A704B5 /* Main.storyboard in Resources */,
			);
			runOnlyForDeploymentPostprocessing = 0;
		};
/* End PBXResourcesBuildPhase section */

/* Begin PBXShellScriptBuildPhase section */
		28478891CD31F7C85BF273DB /* [CP] Check Pods Manifest.lock */ = {
			isa = PBXShellScriptBuildPhase;
			buildActionMask = 2147483647;
			files = (
			);
			inputPaths = (
				"${PODS_PODFILE_DIR_PATH}/Podfile.lock",
				"${PODS_ROOT}/Manifest.lock",
			);
			name = "[CP] Check Pods Manifest.lock";
			outputPaths = (
				"$(DERIVED_FILE_DIR)/Pods-MORO-checkManifestLockResult.txt",
			);
			runOnlyForDeploymentPostprocessing = 0;
			shellPath = /bin/sh;
			shellScript = "diff \"${PODS_PODFILE_DIR_PATH}/Podfile.lock\" \"${PODS_ROOT}/Manifest.lock\" > /dev/null\nif [ $? != 0 ] ; then\n    # print error to STDERR\n    echo \"error: The sandbox is not in sync with the Podfile.lock. Run 'pod install' or update your CocoaPods installation.\" >&2\n    exit 1\nfi\n# This output is used by Xcode 'outputs' to avoid re-running this script phase.\necho \"SUCCESS\" > \"${SCRIPT_OUTPUT_FILE_0}\"\n";
			showEnvVarsInLog = 0;
		};
		A12AEC3CC096821CB2B18FE6 /* [CP] Embed Pods Frameworks */ = {
			isa = PBXShellScriptBuildPhase;
			buildActionMask = 2147483647;
			files = (
			);
			inputPaths = (
				"${SRCROOT}/Pods/Target Support Files/Pods-MORO/Pods-MORO-frameworks.sh",
				"${BUILT_PRODUCTS_DIR}/Alamofire/Alamofire.framework",
				"${BUILT_PRODUCTS_DIR}/FCUUID/FCUUID.framework",
				"${PODS_ROOT}/Reveal-SDK/RevealServer-16/iOS/RevealServer.framework",
				"${BUILT_PRODUCTS_DIR}/SnapKit/SnapKit.framework",
				"${BUILT_PRODUCTS_DIR}/UICKeyChainStore/UICKeyChainStore.framework",
				"${BUILT_PRODUCTS_DIR}/lottie-ios/Lottie.framework",
			);
			name = "[CP] Embed Pods Frameworks";
			outputPaths = (
				"${TARGET_BUILD_DIR}/${FRAMEWORKS_FOLDER_PATH}/Alamofire.framework",
				"${TARGET_BUILD_DIR}/${FRAMEWORKS_FOLDER_PATH}/FCUUID.framework",
				"${TARGET_BUILD_DIR}/${FRAMEWORKS_FOLDER_PATH}/RevealServer.framework",
				"${TARGET_BUILD_DIR}/${FRAMEWORKS_FOLDER_PATH}/SnapKit.framework",
				"${TARGET_BUILD_DIR}/${FRAMEWORKS_FOLDER_PATH}/UICKeyChainStore.framework",
				"${TARGET_BUILD_DIR}/${FRAMEWORKS_FOLDER_PATH}/Lottie.framework",
			);
			runOnlyForDeploymentPostprocessing = 0;
			shellPath = /bin/sh;
			shellScript = "\"${SRCROOT}/Pods/Target Support Files/Pods-MORO/Pods-MORO-frameworks.sh\"\n";
			showEnvVarsInLog = 0;
		};
/* End PBXShellScriptBuildPhase section */

/* Begin PBXSourcesBuildPhase section */
		CB318A7A210C2C7A00A704B5 /* Sources */ = {
			isa = PBXSourcesBuildPhase;
			buildActionMask = 2147483647;
			files = (
				CB1B070A210C3C1A00378CAB /* RootPageViewController.swift in Sources */,
				EF458551210C9FFA00BBB03B /* WhiteLabelView.swift in Sources */,
				EF458547210C5EC000BBB03B /* TimeHeaderTableViewCell.swift in Sources */,
				EF45854F210C9FF200BBB03B /* WhiteImageView.swift in Sources */,
				EFD62908210CC314006C8403 /* Notification+Utility.swift in Sources */,
				EF45854B210C6ED000BBB03B /* BlueberryImageView.swift in Sources */,
				CB1B070E210C3C7D00378CAB /* RoomListViewController.swift in Sources */,
				CB1B071B210C77C800378CAB /* CreateRoomViewController.swift in Sources */,
				CB01BC8F210CCDB1009C3337 /* LaunchRochetAlertViewController.swift in Sources */,
				CB318A82210C2C7A00A704B5 /* AppDelegate.swift in Sources */,
				EF458549210C689C00BBB03B /* TimeMainListTableViewCell.swift in Sources */,
				CB01BC8D210CC8DE009C3337 /* AlarmOffAlertViewController.swift in Sources */,
				03B9FEF4210C3B5100A8FF45 /* JoinAlertViewController.swift in Sources */,
				EF45854D210C6EDC00BBB03B /* BlueBerryLabelView.swift in Sources */,
				EF458553210CBEBB00BBB03B /* CustomPageControl.swift in Sources */,
				CB1B070C210C3C5A00378CAB /* MainViewController.swift in Sources */,
				CB9E630C210C82E800A6C117 /* BorderTextField.swift in Sources */,
			);
			runOnlyForDeploymentPostprocessing = 0;
		};
/* End PBXSourcesBuildPhase section */

/* Begin PBXVariantGroup section */
		CB318A85210C2C7A00A704B5 /* Main.storyboard */ = {
			isa = PBXVariantGroup;
			children = (
				CB318A86210C2C7A00A704B5 /* Base */,
			);
			name = Main.storyboard;
			sourceTree = "<group>";
		};
		CB318A8A210C2C7D00A704B5 /* LaunchScreen.storyboard */ = {
			isa = PBXVariantGroup;
			children = (
				CB318A8B210C2C7D00A704B5 /* Base */,
			);
			name = LaunchScreen.storyboard;
			sourceTree = "<group>";
		};
/* End PBXVariantGroup section */

/* Begin XCBuildConfiguration section */
		CB318A8E210C2C7D00A704B5 /* Debug */ = {
			isa = XCBuildConfiguration;
			buildSettings = {
				ALWAYS_SEARCH_USER_PATHS = NO;
				CLANG_ANALYZER_NONNULL = YES;
				CLANG_ANALYZER_NUMBER_OBJECT_CONVERSION = YES_AGGRESSIVE;
				CLANG_CXX_LANGUAGE_STANDARD = "gnu++14";
				CLANG_CXX_LIBRARY = "libc++";
				CLANG_ENABLE_MODULES = YES;
				CLANG_ENABLE_OBJC_ARC = YES;
				CLANG_ENABLE_OBJC_WEAK = YES;
				CLANG_WARN_BLOCK_CAPTURE_AUTORELEASING = YES;
				CLANG_WARN_BOOL_CONVERSION = YES;
				CLANG_WARN_COMMA = YES;
				CLANG_WARN_CONSTANT_CONVERSION = YES;
				CLANG_WARN_DEPRECATED_OBJC_IMPLEMENTATIONS = YES;
				CLANG_WARN_DIRECT_OBJC_ISA_USAGE = YES_ERROR;
				CLANG_WARN_DOCUMENTATION_COMMENTS = YES;
				CLANG_WARN_EMPTY_BODY = YES;
				CLANG_WARN_ENUM_CONVERSION = YES;
				CLANG_WARN_INFINITE_RECURSION = YES;
				CLANG_WARN_INT_CONVERSION = YES;
				CLANG_WARN_NON_LITERAL_NULL_CONVERSION = YES;
				CLANG_WARN_OBJC_IMPLICIT_RETAIN_SELF = YES;
				CLANG_WARN_OBJC_LITERAL_CONVERSION = YES;
				CLANG_WARN_OBJC_ROOT_CLASS = YES_ERROR;
				CLANG_WARN_RANGE_LOOP_ANALYSIS = YES;
				CLANG_WARN_STRICT_PROTOTYPES = YES;
				CLANG_WARN_SUSPICIOUS_MOVE = YES;
				CLANG_WARN_UNGUARDED_AVAILABILITY = YES_AGGRESSIVE;
				CLANG_WARN_UNREACHABLE_CODE = YES;
				CLANG_WARN__DUPLICATE_METHOD_MATCH = YES;
				CODE_SIGN_IDENTITY = "iPhone Developer";
				COPY_PHASE_STRIP = NO;
				DEBUG_INFORMATION_FORMAT = dwarf;
				ENABLE_STRICT_OBJC_MSGSEND = YES;
				ENABLE_TESTABILITY = YES;
				GCC_C_LANGUAGE_STANDARD = gnu11;
				GCC_DYNAMIC_NO_PIC = NO;
				GCC_NO_COMMON_BLOCKS = YES;
				GCC_OPTIMIZATION_LEVEL = 0;
				GCC_PREPROCESSOR_DEFINITIONS = (
					"DEBUG=1",
					"$(inherited)",
				);
				GCC_WARN_64_TO_32_BIT_CONVERSION = YES;
				GCC_WARN_ABOUT_RETURN_TYPE = YES_ERROR;
				GCC_WARN_UNDECLARED_SELECTOR = YES;
				GCC_WARN_UNINITIALIZED_AUTOS = YES_AGGRESSIVE;
				GCC_WARN_UNUSED_FUNCTION = YES;
				GCC_WARN_UNUSED_VARIABLE = YES;
				IPHONEOS_DEPLOYMENT_TARGET = 11.4;
				MTL_ENABLE_DEBUG_INFO = YES;
				ONLY_ACTIVE_ARCH = YES;
				SDKROOT = iphoneos;
				SWIFT_ACTIVE_COMPILATION_CONDITIONS = DEBUG;
				SWIFT_OPTIMIZATION_LEVEL = "-Onone";
			};
			name = Debug;
		};
		CB318A8F210C2C7D00A704B5 /* Release */ = {
			isa = XCBuildConfiguration;
			buildSettings = {
				ALWAYS_SEARCH_USER_PATHS = NO;
				CLANG_ANALYZER_NONNULL = YES;
				CLANG_ANALYZER_NUMBER_OBJECT_CONVERSION = YES_AGGRESSIVE;
				CLANG_CXX_LANGUAGE_STANDARD = "gnu++14";
				CLANG_CXX_LIBRARY = "libc++";
				CLANG_ENABLE_MODULES = YES;
				CLANG_ENABLE_OBJC_ARC = YES;
				CLANG_ENABLE_OBJC_WEAK = YES;
				CLANG_WARN_BLOCK_CAPTURE_AUTORELEASING = YES;
				CLANG_WARN_BOOL_CONVERSION = YES;
				CLANG_WARN_COMMA = YES;
				CLANG_WARN_CONSTANT_CONVERSION = YES;
				CLANG_WARN_DEPRECATED_OBJC_IMPLEMENTATIONS = YES;
				CLANG_WARN_DIRECT_OBJC_ISA_USAGE = YES_ERROR;
				CLANG_WARN_DOCUMENTATION_COMMENTS = YES;
				CLANG_WARN_EMPTY_BODY = YES;
				CLANG_WARN_ENUM_CONVERSION = YES;
				CLANG_WARN_INFINITE_RECURSION = YES;
				CLANG_WARN_INT_CONVERSION = YES;
				CLANG_WARN_NON_LITERAL_NULL_CONVERSION = YES;
				CLANG_WARN_OBJC_IMPLICIT_RETAIN_SELF = YES;
				CLANG_WARN_OBJC_LITERAL_CONVERSION = YES;
				CLANG_WARN_OBJC_ROOT_CLASS = YES_ERROR;
				CLANG_WARN_RANGE_LOOP_ANALYSIS = YES;
				CLANG_WARN_STRICT_PROTOTYPES = YES;
				CLANG_WARN_SUSPICIOUS_MOVE = YES;
				CLANG_WARN_UNGUARDED_AVAILABILITY = YES_AGGRESSIVE;
				CLANG_WARN_UNREACHABLE_CODE = YES;
				CLANG_WARN__DUPLICATE_METHOD_MATCH = YES;
				CODE_SIGN_IDENTITY = "iPhone Developer";
				COPY_PHASE_STRIP = NO;
				DEBUG_INFORMATION_FORMAT = "dwarf-with-dsym";
				ENABLE_NS_ASSERTIONS = NO;
				ENABLE_STRICT_OBJC_MSGSEND = YES;
				GCC_C_LANGUAGE_STANDARD = gnu11;
				GCC_NO_COMMON_BLOCKS = YES;
				GCC_WARN_64_TO_32_BIT_CONVERSION = YES;
				GCC_WARN_ABOUT_RETURN_TYPE = YES_ERROR;
				GCC_WARN_UNDECLARED_SELECTOR = YES;
				GCC_WARN_UNINITIALIZED_AUTOS = YES_AGGRESSIVE;
				GCC_WARN_UNUSED_FUNCTION = YES;
				GCC_WARN_UNUSED_VARIABLE = YES;
				IPHONEOS_DEPLOYMENT_TARGET = 11.4;
				MTL_ENABLE_DEBUG_INFO = NO;
				SDKROOT = iphoneos;
				SWIFT_COMPILATION_MODE = wholemodule;
				SWIFT_OPTIMIZATION_LEVEL = "-O";
				VALIDATE_PRODUCT = YES;
			};
			name = Release;
		};
		CB318A91210C2C7D00A704B5 /* Debug */ = {
			isa = XCBuildConfiguration;
			baseConfigurationReference = 25497EA4A0AD028A3C076940 /* Pods-MORO.debug.xcconfig */;
			buildSettings = {
				ASSETCATALOG_COMPILER_APPICON_NAME = AppIcon;
				CODE_SIGN_STYLE = Automatic;
				DEVELOPMENT_TEAM = TA757FA6NR;
				INFOPLIST_FILE = MORO/Info.plist;
				IPHONEOS_DEPLOYMENT_TARGET = 11.0;
				LD_RUNPATH_SEARCH_PATHS = (
					"$(inherited)",
					"@executable_path/Frameworks",
				);
				PRODUCT_BUNDLE_IDENTIFIER = kr.unithon.7th.MORO;
				PRODUCT_NAME = "$(TARGET_NAME)";
				SWIFT_VERSION = 4.0;
				TARGETED_DEVICE_FAMILY = 1;
			};
			name = Debug;
		};
		CB318A92210C2C7D00A704B5 /* Release */ = {
			isa = XCBuildConfiguration;
			baseConfigurationReference = 730BDC100EE1D9BC698B99BD /* Pods-MORO.release.xcconfig */;
			buildSettings = {
				ASSETCATALOG_COMPILER_APPICON_NAME = AppIcon;
				CODE_SIGN_STYLE = Automatic;
				DEVELOPMENT_TEAM = TA757FA6NR;
				INFOPLIST_FILE = MORO/Info.plist;
				IPHONEOS_DEPLOYMENT_TARGET = 11.0;
				LD_RUNPATH_SEARCH_PATHS = (
					"$(inherited)",
					"@executable_path/Frameworks",
				);
				PRODUCT_BUNDLE_IDENTIFIER = kr.unithon.7th.MORO;
				PRODUCT_NAME = "$(TARGET_NAME)";
				SWIFT_VERSION = 4.0;
				TARGETED_DEVICE_FAMILY = 1;
			};
			name = Release;
		};
/* End XCBuildConfiguration section */

/* Begin XCConfigurationList section */
		CB318A79210C2C7A00A704B5 /* Build configuration list for PBXProject "MORO" */ = {
			isa = XCConfigurationList;
			buildConfigurations = (
				CB318A8E210C2C7D00A704B5 /* Debug */,
				CB318A8F210C2C7D00A704B5 /* Release */,
			);
			defaultConfigurationIsVisible = 0;
			defaultConfigurationName = Release;
		};
		CB318A90210C2C7D00A704B5 /* Build configuration list for PBXNativeTarget "MORO" */ = {
			isa = XCConfigurationList;
			buildConfigurations = (
				CB318A91210C2C7D00A704B5 /* Debug */,
				CB318A92210C2C7D00A704B5 /* Release */,
			);
			defaultConfigurationIsVisible = 0;
			defaultConfigurationName = Release;
		};
/* End XCConfigurationList section */
	};
	rootObject = CB318A76210C2C7A00A704B5 /* Project object */;
}
